
Microsoft Visual Studio Solution File, Format Version 12.00
# Visual Studio Version 17
VisualStudioVersion = 17.6.33417.168
MinimumVisualStudioVersion = 10.0.40219.1
Project("{FAE04EC0-301F-11D3-BF4B-00C04F79EFBC}") = "eTickets", "eTickets\eTickets.csproj", "{69A48D38-4C59-4A2B-935A-95B188EDC111}"
EndProject
Global
	GlobalSection(SolutionConfigurationPlatforms) = preSolution
		Debug|Any CPU = Debug|Any CPU
		Release|Any CPU = Release|Any CPU
	EndGlobalSection
	GlobalSection(ProjectConfigurationPlatforms) = postSolution
		{69A48D38-4C59-4A2B-935A-95B188EDC111}.Debug|Any CPU.ActiveCfg = Debug|Any CPU
		{69A48D38-4C59-4A2B-935A-95B188EDC111}.Debug|Any CPU.Build.0 = Debug|Any CPU
		{69A48D38-4C59-4A2B-935A-95B188EDC111}.Release|Any CPU.ActiveCfg = Release|Any CPU
		{69A48D38-4C59-4A2B-935A-95B188EDC111}.Release|Any CPU.Build.0 = Release|Any CPU
	EndGlobalSection
	GlobalSection(SolutionProperties) = preSolution
		HideSolutionNode = FALSE
	EndGlobalSection
	GlobalSection(ExtensibilityGlobals) = postSolution
		SolutionGuid = {456C4FFD-3477-4F61-BD48-46A1048B627A}
	EndGlobalSection
EndGlobal
